
Microsoft Visual Studio Solution File, Format Version 12.00
# Visual Studio Version 17
VisualStudioVersion = 17.8.34004.107
MinimumVisualStudioVersion = 10.0.40219.1
Project("{FAE04EC0-301F-11D3-BF4B-00C04F79EFBC}") = "SpecFlowDemoBDD", "SpecFlowDemoBDD.csproj", "{9B9AC5DE-40EC-4284-90B2-4C3E6C4096AC}"
EndProject
Global
	GlobalSection(SolutionConfigurationPlatforms) = preSolution
		Debug|Any CPU = Debug|Any CPU
		Release|Any CPU = Release|Any CPU
	EndGlobalSection
	GlobalSection(ProjectConfigurationPlatforms) = postSolution
		{9B9AC5DE-40EC-4284-90B2-4C3E6C4096AC}.Debug|Any CPU.ActiveCfg = Debug|Any CPU
		{9B9AC5DE-40EC-4284-90B2-4C3E6C4096AC}.Debug|Any CPU.Build.0 = Debug|Any CPU
		{9B9AC5DE-40EC-4284-90B2-4C3E6C4096AC}.Release|Any CPU.ActiveCfg = Release|Any CPU
		{9B9AC5DE-40EC-4284-90B2-4C3E6C4096AC}.Release|Any CPU.Build.0 = Release|Any CPU
	EndGlobalSection
	GlobalSection(SolutionProperties) = preSolution
		HideSolutionNode = FALSE
	EndGlobalSection
	GlobalSection(ExtensibilityGlobals) = postSolution
		SolutionGuid = {FE26B435-1ED6-4296-B7E0-C3C1139345AA}
	EndGlobalSection
EndGlobal
